// !$*UTF8*$!
{
	archiveVersion = 1;
	classes = {
	};
	objectVersion = 46;
	objects = {

/* Begin PBXBuildFile section */
		2A0CC9E61AFAA03300FA46BC /* main.m in Sources */ = {isa = PBXBuildFile; fileRef = 2A0CC9E51AFAA03300FA46BC /* main.m */; };
		2A0CC9E91AFAA03300FA46BC /* AppDelegate.m in Sources */ = {isa = PBXBuildFile; fileRef = 2A0CC9E81AFAA03300FA46BC /* AppDelegate.m */; };
		2A0CC9EF1AFAA03300FA46BC /* Main.storyboard in Resources */ = {isa = PBXBuildFile; fileRef = 2A0CC9ED1AFAA03300FA46BC /* Main.storyboard */; };
		2A0CC9F11AFAA03300FA46BC /* Images.xcassets in Resources */ = {isa = PBXBuildFile; fileRef = 2A0CC9F01AFAA03300FA46BC /* Images.xcassets */; };
		2A0CC9F41AFAA03300FA46BC /* LaunchScreen.xib in Resources */ = {isa = PBXBuildFile; fileRef = 2A0CC9F21AFAA03300FA46BC /* LaunchScreen.xib */; };
		2A0CCA001AFAA03300FA46BC /* InstagramClientTests.m in Sources */ = {isa = PBXBuildFile; fileRef = 2A0CC9FF1AFAA03300FA46BC /* InstagramClientTests.m */; };
		2A0CCA141AFAA72A00FA46BC /* ALView+PureLayout.m in Sources */ = {isa = PBXBuildFile; fileRef = 2A0CCA0C1AFAA72A00FA46BC /* ALView+PureLayout.m */; };
		2A0CCA151AFAA72A00FA46BC /* NSArray+PureLayout.m in Sources */ = {isa = PBXBuildFile; fileRef = 2A0CCA0E1AFAA72A00FA46BC /* NSArray+PureLayout.m */; };
		2A0CCA161AFAA72A00FA46BC /* NSLayoutConstraint+PureLayout.m in Sources */ = {isa = PBXBuildFile; fileRef = 2A0CCA101AFAA72A00FA46BC /* NSLayoutConstraint+PureLayout.m */; };
		2A0CCA1D1AFABD7F00FA46BC /* PhotoTableViewCell.m in Sources */ = {isa = PBXBuildFile; fileRef = 2A0CCA1C1AFABD7F00FA46BC /* PhotoTableViewCell.m */; };
		2A0CCA241AFAC9EB00FA46BC /* PhotoModel.m in Sources */ = {isa = PBXBuildFile; fileRef = 2A0CCA231AFAC9EB00FA46BC /* PhotoModel.m */; };
		2A79CBE51B055447004B7214 /* PhotoDetailViewController.m in Sources */ = {isa = PBXBuildFile; fileRef = 2A79CBE41B055447004B7214 /* PhotoDetailViewController.m */; };
		2A79CBE81B064E24004B7214 /* HelperModel.m in Sources */ = {isa = PBXBuildFile; fileRef = 2A79CBE71B064E24004B7214 /* HelperModel.m */; };
		2A8D51C11B03E221001C7130 /* SearchBar.m in Sources */ = {isa = PBXBuildFile; fileRef = 2A8D51C01B03E221001C7130 /* SearchBar.m */; };
		2A905B201B07D8F100C3890E /* UIScrollView+SVInfiniteScrolling.m in Sources */ = {isa = PBXBuildFile; fileRef = 2A905B1D1B07D8F100C3890E /* UIScrollView+SVInfiniteScrolling.m */; };
		2A905B211B07D8F100C3890E /* UIScrollView+SVPullToRefresh.m in Sources */ = {isa = PBXBuildFile; fileRef = 2A905B1F1B07D8F100C3890E /* UIScrollView+SVPullToRefresh.m */; };
		2AD8BA0B1B0CEB0600CE49DA /* DetailsViewController.m in Sources */ = {isa = PBXBuildFile; fileRef = 2AD8BA0A1B0CEB0600CE49DA /* DetailsViewController.m */; };
		2AD8BA111B0D5CCE00CE49DA /* heart.png in Resources */ = {isa = PBXBuildFile; fileRef = 2AD8BA101B0D5CCE00CE49DA /* heart.png */; };
		2AFCB55C1AFB7EA400E45E2B /* PhotosViewController.m in Sources */ = {isa = PBXBuildFile; fileRef = 2AFCB55B1AFB7EA400E45E2B /* PhotosViewController.m */; };
		2AFCB55E1AFBD62C00E45E2B /* placeholder.png in Resources */ = {isa = PBXBuildFile; fileRef = 2AFCB55D1AFBD62C00E45E2B /* placeholder.png */; };
		2AFCB5781AFC088500E45E2B /* AFHTTPRequestOperation.m in Sources */ = {isa = PBXBuildFile; fileRef = 2AFCB5661AFC088500E45E2B /* AFHTTPRequestOperation.m */; };
		2AFCB5791AFC088500E45E2B /* AFHTTPRequestOperationManager.m in Sources */ = {isa = PBXBuildFile; fileRef = 2AFCB5681AFC088500E45E2B /* AFHTTPRequestOperationManager.m */; };
		2AFCB57A1AFC088500E45E2B /* AFHTTPSessionManager.m in Sources */ = {isa = PBXBuildFile; fileRef = 2AFCB56A1AFC088500E45E2B /* AFHTTPSessionManager.m */; };
		2AFCB57B1AFC088500E45E2B /* AFNetworkReachabilityManager.m in Sources */ = {isa = PBXBuildFile; fileRef = 2AFCB56D1AFC088500E45E2B /* AFNetworkReachabilityManager.m */; };
		2AFCB57C1AFC088500E45E2B /* AFSecurityPolicy.m in Sources */ = {isa = PBXBuildFile; fileRef = 2AFCB56F1AFC088500E45E2B /* AFSecurityPolicy.m */; };
		2AFCB57D1AFC088500E45E2B /* AFURLConnectionOperation.m in Sources */ = {isa = PBXBuildFile; fileRef = 2AFCB5711AFC088500E45E2B /* AFURLConnectionOperation.m */; };
		2AFCB57E1AFC088500E45E2B /* AFURLRequestSerialization.m in Sources */ = {isa = PBXBuildFile; fileRef = 2AFCB5731AFC088500E45E2B /* AFURLRequestSerialization.m */; };
		2AFCB57F1AFC088500E45E2B /* AFURLResponseSerialization.m in Sources */ = {isa = PBXBuildFile; fileRef = 2AFCB5751AFC088500E45E2B /* AFURLResponseSerialization.m */; };
		2AFCB5801AFC088500E45E2B /* AFURLSessionManager.m in Sources */ = {isa = PBXBuildFile; fileRef = 2AFCB5771AFC088500E45E2B /* AFURLSessionManager.m */; };
		2AFCB5921AFC089D00E45E2B /* AFNetworkActivityIndicatorManager.m in Sources */ = {isa = PBXBuildFile; fileRef = 2AFCB5821AFC089D00E45E2B /* AFNetworkActivityIndicatorManager.m */; };
		2AFCB5931AFC089D00E45E2B /* UIActivityIndicatorView+AFNetworking.m in Sources */ = {isa = PBXBuildFile; fileRef = 2AFCB5841AFC089D00E45E2B /* UIActivityIndicatorView+AFNetworking.m */; };
		2AFCB5941AFC089D00E45E2B /* UIAlertView+AFNetworking.m in Sources */ = {isa = PBXBuildFile; fileRef = 2AFCB5861AFC089D00E45E2B /* UIAlertView+AFNetworking.m */; };
		2AFCB5951AFC089D00E45E2B /* UIButton+AFNetworking.m in Sources */ = {isa = PBXBuildFile; fileRef = 2AFCB5881AFC089D00E45E2B /* UIButton+AFNetworking.m */; };
		2AFCB5961AFC089D00E45E2B /* UIImageView+AFNetworking.m in Sources */ = {isa = PBXBuildFile; fileRef = 2AFCB58A1AFC089D00E45E2B /* UIImageView+AFNetworking.m */; };
		2AFCB5971AFC089D00E45E2B /* UIProgressView+AFNetworking.m in Sources */ = {isa = PBXBuildFile; fileRef = 2AFCB58D1AFC089D00E45E2B /* UIProgressView+AFNetworking.m */; };
		2AFCB5981AFC089D00E45E2B /* UIRefreshControl+AFNetworking.m in Sources */ = {isa = PBXBuildFile; fileRef = 2AFCB58F1AFC089D00E45E2B /* UIRefreshControl+AFNetworking.m */; };
		2AFCB5991AFC089D00E45E2B /* UIWebView+AFNetworking.m in Sources */ = {isa = PBXBuildFile; fileRef = 2AFCB5911AFC089D00E45E2B /* UIWebView+AFNetworking.m */; };
/* End PBXBuildFile section */

/* Begin PBXContainerItemProxy section */
		2A0CC9FA1AFAA03300FA46BC /* PBXContainerItemProxy */ = {
			isa = PBXContainerItemProxy;
			containerPortal = 2A0CC9D81AFAA03200FA46BC /* Project object */;
			proxyType = 1;
			remoteGlobalIDString = 2A0CC9DF1AFAA03200FA46BC;
			remoteInfo = InstagramClient;
		};
/* End PBXContainerItemProxy section */

/* Begin PBXFileReference section */
		2A0CC9E01AFAA03300FA46BC /* InstagramClient.app */ = {isa = PBXFileReference; explicitFileType = wrapper.application; includeInIndex = 0; path = InstagramClient.app; sourceTree = BUILT_PRODUCTS_DIR; };
		2A0CC9E41AFAA03300FA46BC /* Info.plist */ = {isa = PBXFileReference; lastKnownFileType = text.plist.xml; path = Info.plist; sourceTree = "<group>"; };
		2A0CC9E51AFAA03300FA46BC /* main.m */ = {isa = PBXFileReference; lastKnownFileType = sourcecode.c.objc; path = main.m; sourceTree = "<group>"; };
		2A0CC9E71AFAA03300FA46BC /* AppDelegate.h */ = {isa = PBXFileReference; lastKnownFileType = sourcecode.c.h; path = AppDelegate.h; sourceTree = "<group>"; };
		2A0CC9E81AFAA03300FA46BC /* AppDelegate.m */ = {isa = PBXFileReference; lastKnownFileType = sourcecode.c.objc; path = AppDelegate.m; sourceTree = "<group>"; };
		2A0CC9EE1AFAA03300FA46BC /* Base */ = {isa = PBXFileReference; lastKnownFileType = file.storyboard; name = Base; path = Base.lproj/Main.storyboard; sourceTree = "<group>"; };
		2A0CC9F01AFAA03300FA46BC /* Images.xcassets */ = {isa = PBXFileReference; lastKnownFileType = folder.assetcatalog; path = Images.xcassets; sourceTree = "<group>"; };
		2A0CC9F31AFAA03300FA46BC /* Base */ = {isa = PBXFileReference; lastKnownFileType = file.xib; name = Base; path = Base.lproj/LaunchScreen.xib; sourceTree = "<group>"; };
		2A0CC9F91AFAA03300FA46BC /* InstagramClientTests.xctest */ = {isa = PBXFileReference; explicitFileType = wrapper.cfbundle; includeInIndex = 0; path = InstagramClientTests.xctest; sourceTree = BUILT_PRODUCTS_DIR; };
		2A0CC9FE1AFAA03300FA46BC /* Info.plist */ = {isa = PBXFileReference; lastKnownFileType = text.plist.xml; path = Info.plist; sourceTree = "<group>"; };
		2A0CC9FF1AFAA03300FA46BC /* InstagramClientTests.m */ = {isa = PBXFileReference; lastKnownFileType = sourcecode.c.objc; path = InstagramClientTests.m; sourceTree = "<group>"; };
		2A0CCA0B1AFAA72A00FA46BC /* ALView+PureLayout.h */ = {isa = PBXFileReference; fileEncoding = 4; lastKnownFileType = sourcecode.c.h; path = "ALView+PureLayout.h"; sourceTree = "<group>"; };
		2A0CCA0C1AFAA72A00FA46BC /* ALView+PureLayout.m */ = {isa = PBXFileReference; fileEncoding = 4; lastKnownFileType = sourcecode.c.objc; path = "ALView+PureLayout.m"; sourceTree = "<group>"; };
		2A0CCA0D1AFAA72A00FA46BC /* NSArray+PureLayout.h */ = {isa = PBXFileReference; fileEncoding = 4; lastKnownFileType = sourcecode.c.h; path = "NSArray+PureLayout.h"; sourceTree = "<group>"; };
		2A0CCA0E1AFAA72A00FA46BC /* NSArray+PureLayout.m */ = {isa = PBXFileReference; fileEncoding = 4; lastKnownFileType = sourcecode.c.objc; path = "NSArray+PureLayout.m"; sourceTree = "<group>"; };
		2A0CCA0F1AFAA72A00FA46BC /* NSLayoutConstraint+PureLayout.h */ = {isa = PBXFileReference; fileEncoding = 4; lastKnownFileType = sourcecode.c.h; path = "NSLayoutConstraint+PureLayout.h"; sourceTree = "<group>"; };
		2A0CCA101AFAA72A00FA46BC /* NSLayoutConstraint+PureLayout.m */ = {isa = PBXFileReference; fileEncoding = 4; lastKnownFileType = sourcecode.c.objc; path = "NSLayoutConstraint+PureLayout.m"; sourceTree = "<group>"; };
		2A0CCA111AFAA72A00FA46BC /* PureLayout.h */ = {isa = PBXFileReference; fileEncoding = 4; lastKnownFileType = sourcecode.c.h; path = PureLayout.h; sourceTree = "<group>"; };
		2A0CCA121AFAA72A00FA46BC /* PureLayout+Internal.h */ = {isa = PBXFileReference; fileEncoding = 4; lastKnownFileType = sourcecode.c.h; path = "PureLayout+Internal.h"; sourceTree = "<group>"; };
		2A0CCA131AFAA72A00FA46BC /* PureLayoutDefines.h */ = {isa = PBXFileReference; fileEncoding = 4; lastKnownFileType = sourcecode.c.h; path = PureLayoutDefines.h; sourceTree = "<group>"; };
		2A0CCA1B1AFABD7F00FA46BC /* PhotoTableViewCell.h */ = {isa = PBXFileReference; fileEncoding = 4; lastKnownFileType = sourcecode.c.h; path = PhotoTableViewCell.h; sourceTree = "<group>"; };
		2A0CCA1C1AFABD7F00FA46BC /* PhotoTableViewCell.m */ = {isa = PBXFileReference; fileEncoding = 4; lastKnownFileType = sourcecode.c.objc; path = PhotoTableViewCell.m; sourceTree = "<group>"; };
		2A0CCA211AFAC4A400FA46BC /* InstagramClient-Prefix.pch */ = {isa = PBXFileReference; lastKnownFileType = sourcecode.c.h; path = "InstagramClient-Prefix.pch"; sourceTree = "<group>"; };
		2A0CCA221AFAC9EB00FA46BC /* PhotoModel.h */ = {isa = PBXFileReference; fileEncoding = 4; lastKnownFileType = sourcecode.c.h; path = PhotoModel.h; sourceTree = "<group>"; };
		2A0CCA231AFAC9EB00FA46BC /* PhotoModel.m */ = {isa = PBXFileReference; fileEncoding = 4; lastKnownFileType = sourcecode.c.objc; path = PhotoModel.m; sourceTree = "<group>"; };
		2A79CBE31B055447004B7214 /* PhotoDetailViewController.h */ = {isa = PBXFileReference; fileEncoding = 4; lastKnownFileType = sourcecode.c.h; path = PhotoDetailViewController.h; sourceTree = "<group>"; };
		2A79CBE41B055447004B7214 /* PhotoDetailViewController.m */ = {isa = PBXFileReference; fileEncoding = 4; lastKnownFileType = sourcecode.c.objc; path = PhotoDetailViewController.m; sourceTree = "<group>"; };
		2A79CBE61B064E24004B7214 /* HelperModel.h */ = {isa = PBXFileReference; fileEncoding = 4; lastKnownFileType = sourcecode.c.h; path = HelperModel.h; sourceTree = "<group>"; };
		2A79CBE71B064E24004B7214 /* HelperModel.m */ = {isa = PBXFileReference; fileEncoding = 4; lastKnownFileType = sourcecode.c.objc; path = HelperModel.m; sourceTree = "<group>"; };
		2A8D51BF1B03E221001C7130 /* SearchBar.h */ = {isa = PBXFileReference; fileEncoding = 4; lastKnownFileType = sourcecode.c.h; path = SearchBar.h; sourceTree = "<group>"; };
		2A8D51C01B03E221001C7130 /* SearchBar.m */ = {isa = PBXFileReference; fileEncoding = 4; lastKnownFileType = sourcecode.c.objc; path = SearchBar.m; sourceTree = "<group>"; };
		2A905B1B1B07D8F100C3890E /* SVPullToRefresh.h */ = {isa = PBXFileReference; fileEncoding = 4; lastKnownFileType = sourcecode.c.h; path = SVPullToRefresh.h; sourceTree = "<group>"; };
		2A905B1C1B07D8F100C3890E /* UIScrollView+SVInfiniteScrolling.h */ = {isa = PBXFileReference; fileEncoding = 4; lastKnownFileType = sourcecode.c.h; path = "UIScrollView+SVInfiniteScrolling.h"; sourceTree = "<group>"; };
		2A905B1D1B07D8F100C3890E /* UIScrollView+SVInfiniteScrolling.m */ = {isa = PBXFileReference; fileEncoding = 4; lastKnownFileType = sourcecode.c.objc; path = "UIScrollView+SVInfiniteScrolling.m"; sourceTree = "<group>"; };
		2A905B1E1B07D8F100C3890E /* UIScrollView+SVPullToRefresh.h */ = {isa = PBXFileReference; fileEncoding = 4; lastKnownFileType = sourcecode.c.h; path = "UIScrollView+SVPullToRefresh.h"; sourceTree = "<group>"; };
		2A905B1F1B07D8F100C3890E /* UIScrollView+SVPullToRefresh.m */ = {isa = PBXFileReference; fileEncoding = 4; lastKnownFileType = sourcecode.c.objc; path = "UIScrollView+SVPullToRefresh.m"; sourceTree = "<group>"; };
		2AD8BA091B0CEB0600CE49DA /* DetailsViewController.h */ = {isa = PBXFileReference; fileEncoding = 4; lastKnownFileType = sourcecode.c.h; path = DetailsViewController.h; sourceTree = "<group>"; };
		2AD8BA0A1B0CEB0600CE49DA /* DetailsViewController.m */ = {isa = PBXFileReference; fileEncoding = 4; lastKnownFileType = sourcecode.c.objc; path = DetailsViewController.m; sourceTree = "<group>"; };
		2AD8BA101B0D5CCE00CE49DA /* heart.png */ = {isa = PBXFileReference; lastKnownFileType = image.png; path = heart.png; sourceTree = "<group>"; };
		2AFCB55A1AFB7EA400E45E2B /* PhotosViewController.h */ = {isa = PBXFileReference; fileEncoding = 4; lastKnownFileType = sourcecode.c.h; path = PhotosViewController.h; sourceTree = "<group>"; };
		2AFCB55B1AFB7EA400E45E2B /* PhotosViewController.m */ = {isa = PBXFileReference; fileEncoding = 4; lastKnownFileType = sourcecode.c.objc; path = PhotosViewController.m; sourceTree = "<group>"; };
		2AFCB55D1AFBD62C00E45E2B /* placeholder.png */ = {isa = PBXFileReference; lastKnownFileType = image.png; path = placeholder.png; sourceTree = "<group>"; };
		2AFCB5651AFC088500E45E2B /* AFHTTPRequestOperation.h */ = {isa = PBXFileReference; fileEncoding = 4; lastKnownFileType = sourcecode.c.h; path = AFHTTPRequestOperation.h; sourceTree = "<group>"; };
		2AFCB5661AFC088500E45E2B /* AFHTTPRequestOperation.m */ = {isa = PBXFileReference; fileEncoding = 4; lastKnownFileType = sourcecode.c.objc; path = AFHTTPRequestOperation.m; sourceTree = "<group>"; };
		2AFCB5671AFC088500E45E2B /* AFHTTPRequestOperationManager.h */ = {isa = PBXFileReference; fileEncoding = 4; lastKnownFileType = sourcecode.c.h; path = AFHTTPRequestOperationManager.h; sourceTree = "<group>"; };
		2AFCB5681AFC088500E45E2B /* AFHTTPRequestOperationManager.m */ = {isa = PBXFileReference; fileEncoding = 4; lastKnownFileType = sourcecode.c.objc; path = AFHTTPRequestOperationManager.m; sourceTree = "<group>"; };
		2AFCB5691AFC088500E45E2B /* AFHTTPSessionManager.h */ = {isa = PBXFileReference; fileEncoding = 4; lastKnownFileType = sourcecode.c.h; path = AFHTTPSessionManager.h; sourceTree = "<group>"; };
		2AFCB56A1AFC088500E45E2B /* AFHTTPSessionManager.m */ = {isa = PBXFileReference; fileEncoding = 4; lastKnownFileType = sourcecode.c.objc; path = AFHTTPSessionManager.m; sourceTree = "<group>"; };
		2AFCB56B1AFC088500E45E2B /* AFNetworking.h */ = {isa = PBXFileReference; fileEncoding = 4; lastKnownFileType = sourcecode.c.h; path = AFNetworking.h; sourceTree = "<group>"; };
		2AFCB56C1AFC088500E45E2B /* AFNetworkReachabilityManager.h */ = {isa = PBXFileReference; fileEncoding = 4; lastKnownFileType = sourcecode.c.h; path = AFNetworkReachabilityManager.h; sourceTree = "<group>"; };
		2AFCB56D1AFC088500E45E2B /* AFNetworkReachabilityManager.m */ = {isa = PBXFileReference; fileEncoding = 4; lastKnownFileType = sourcecode.c.objc; path = AFNetworkReachabilityManager.m; sourceTree = "<group>"; };
		2AFCB56E1AFC088500E45E2B /* AFSecurityPolicy.h */ = {isa = PBXFileReference; fileEncoding = 4; lastKnownFileType = sourcecode.c.h; path = AFSecurityPolicy.h; sourceTree = "<group>"; };
		2AFCB56F1AFC088500E45E2B /* AFSecurityPolicy.m */ = {isa = PBXFileReference; fileEncoding = 4; lastKnownFileType = sourcecode.c.objc; path = AFSecurityPolicy.m; sourceTree = "<group>"; };
		2AFCB5701AFC088500E45E2B /* AFURLConnectionOperation.h */ = {isa = PBXFileReference; fileEncoding = 4; lastKnownFileType = sourcecode.c.h; path = AFURLConnectionOperation.h; sourceTree = "<group>"; };
		2AFCB5711AFC088500E45E2B /* AFURLConnectionOperation.m */ = {isa = PBXFileReference; fileEncoding = 4; lastKnownFileType = sourcecode.c.objc; path = AFURLConnectionOperation.m; sourceTree = "<group>"; };
		2AFCB5721AFC088500E45E2B /* AFURLRequestSerialization.h */ = {isa = PBXFileReference; fileEncoding = 4; lastKnownFileType = sourcecode.c.h; path = AFURLRequestSerialization.h; sourceTree = "<group>"; };
		2AFCB5731AFC088500E45E2B /* AFURLRequestSerialization.m */ = {isa = PBXFileReference; fileEncoding = 4; lastKnownFileType = sourcecode.c.objc; path = AFURLRequestSerialization.m; sourceTree = "<group>"; };
		2AFCB5741AFC088500E45E2B /* AFURLResponseSerialization.h */ = {isa = PBXFileReference; fileEncoding = 4; lastKnownFileType = sourcecode.c.h; path = AFURLResponseSerialization.h; sourceTree = "<group>"; };
		2AFCB5751AFC088500E45E2B /* AFURLResponseSerialization.m */ = {isa = PBXFileReference; fileEncoding = 4; lastKnownFileType = sourcecode.c.objc; path = AFURLResponseSerialization.m; sourceTree = "<group>"; };
		2AFCB5761AFC088500E45E2B /* AFURLSessionManager.h */ = {isa = PBXFileReference; fileEncoding = 4; lastKnownFileType = sourcecode.c.h; path = AFURLSessionManager.h; sourceTree = "<group>"; };
		2AFCB5771AFC088500E45E2B /* AFURLSessionManager.m */ = {isa = PBXFileReference; fileEncoding = 4; lastKnownFileType = sourcecode.c.objc; path = AFURLSessionManager.m; sourceTree = "<group>"; };
		2AFCB5811AFC089D00E45E2B /* AFNetworkActivityIndicatorManager.h */ = {isa = PBXFileReference; fileEncoding = 4; lastKnownFileType = sourcecode.c.h; path = AFNetworkActivityIndicatorManager.h; sourceTree = "<group>"; };
		2AFCB5821AFC089D00E45E2B /* AFNetworkActivityIndicatorManager.m */ = {isa = PBXFileReference; fileEncoding = 4; lastKnownFileType = sourcecode.c.objc; path = AFNetworkActivityIndicatorManager.m; sourceTree = "<group>"; };
		2AFCB5831AFC089D00E45E2B /* UIActivityIndicatorView+AFNetworking.h */ = {isa = PBXFileReference; fileEncoding = 4; lastKnownFileType = sourcecode.c.h; path = "UIActivityIndicatorView+AFNetworking.h"; sourceTree = "<group>"; };
		2AFCB5841AFC089D00E45E2B /* UIActivityIndicatorView+AFNetworking.m */ = {isa = PBXFileReference; fileEncoding = 4; lastKnownFileType = sourcecode.c.objc; path = "UIActivityIndicatorView+AFNetworking.m"; sourceTree = "<group>"; };
		2AFCB5851AFC089D00E45E2B /* UIAlertView+AFNetworking.h */ = {isa = PBXFileReference; fileEncoding = 4; lastKnownFileType = sourcecode.c.h; path = "UIAlertView+AFNetworking.h"; sourceTree = "<group>"; };
		2AFCB5861AFC089D00E45E2B /* UIAlertView+AFNetworking.m */ = {isa = PBXFileReference; fileEncoding = 4; lastKnownFileType = sourcecode.c.objc; path = "UIAlertView+AFNetworking.m"; sourceTree = "<group>"; };
		2AFCB5871AFC089D00E45E2B /* UIButton+AFNetworking.h */ = {isa = PBXFileReference; fileEncoding = 4; lastKnownFileType = sourcecode.c.h; path = "UIButton+AFNetworking.h"; sourceTree = "<group>"; };
		2AFCB5881AFC089D00E45E2B /* UIButton+AFNetworking.m */ = {isa = PBXFileReference; fileEncoding = 4; lastKnownFileType = sourcecode.c.objc; path = "UIButton+AFNetworking.m"; sourceTree = "<group>"; };
		2AFCB5891AFC089D00E45E2B /* UIImageView+AFNetworking.h */ = {isa = PBXFileReference; fileEncoding = 4; lastKnownFileType = sourcecode.c.h; path = "UIImageView+AFNetworking.h"; sourceTree = "<group>"; };
		2AFCB58A1AFC089D00E45E2B /* UIImageView+AFNetworking.m */ = {isa = PBXFileReference; fileEncoding = 4; lastKnownFileType = sourcecode.c.objc; path = "UIImageView+AFNetworking.m"; sourceTree = "<group>"; };
		2AFCB58B1AFC089D00E45E2B /* UIKit+AFNetworking.h */ = {isa = PBXFileReference; fileEncoding = 4; lastKnownFileType = sourcecode.c.h; path = "UIKit+AFNetworking.h"; sourceTree = "<group>"; };
		2AFCB58C1AFC089D00E45E2B /* UIProgressView+AFNetworking.h */ = {isa = PBXFileReference; fileEncoding = 4; lastKnownFileType = sourcecode.c.h; path = "UIProgressView+AFNetworking.h"; sourceTree = "<group>"; };
		2AFCB58D1AFC089D00E45E2B /* UIProgressView+AFNetworking.m */ = {isa = PBXFileReference; fileEncoding = 4; lastKnownFileType = sourcecode.c.objc; path = "UIProgressView+AFNetworking.m"; sourceTree = "<group>"; };
		2AFCB58E1AFC089D00E45E2B /* UIRefreshControl+AFNetworking.h */ = {isa = PBXFileReference; fileEncoding = 4; lastKnownFileType = sourcecode.c.h; path = "UIRefreshControl+AFNetworking.h"; sourceTree = "<group>"; };
		2AFCB58F1AFC089D00E45E2B /* UIRefreshControl+AFNetworking.m */ = {isa = PBXFileReference; fileEncoding = 4; lastKnownFileType = sourcecode.c.objc; path = "UIRefreshControl+AFNetworking.m"; sourceTree = "<group>"; };
		2AFCB5901AFC089D00E45E2B /* UIWebView+AFNetworking.h */ = {isa = PBXFileReference; fileEncoding = 4; lastKnownFileType = sourcecode.c.h; path = "UIWebView+AFNetworking.h"; sourceTree = "<group>"; };
		2AFCB5911AFC089D00E45E2B /* UIWebView+AFNetworking.m */ = {isa = PBXFileReference; fileEncoding = 4; lastKnownFileType = sourcecode.c.objc; path = "UIWebView+AFNetworking.m"; sourceTree = "<group>"; };
/* End PBXFileReference section */

/* Begin PBXFrameworksBuildPhase section */
		2A0CC9DD1AFAA03200FA46BC /* Frameworks */ = {
			isa = PBXFrameworksBuildPhase;
			buildActionMask = 2147483647;
			files = (
			);
			runOnlyForDeploymentPostprocessing = 0;
		};
		2A0CC9F61AFAA03300FA46BC /* Frameworks */ = {
			isa = PBXFrameworksBuildPhase;
			buildActionMask = 2147483647;
			files = (
			);
			runOnlyForDeploymentPostprocessing = 0;
		};
/* End PBXFrameworksBuildPhase section */

/* Begin PBXGroup section */
		2A0CC9D71AFAA03200FA46BC = {
			isa = PBXGroup;
			children = (
				2A0CC9E21AFAA03300FA46BC /* InstagramClient */,
				2A0CC9FC1AFAA03300FA46BC /* InstagramClientTests */,
				2A0CC9E11AFAA03300FA46BC /* Products */,
			);
			sourceTree = "<group>";
		};
		2A0CC9E11AFAA03300FA46BC /* Products */ = {
			isa = PBXGroup;
			children = (
				2A0CC9E01AFAA03300FA46BC /* InstagramClient.app */,
				2A0CC9F91AFAA03300FA46BC /* InstagramClientTests.xctest */,
			);
			name = Products;
			sourceTree = "<group>";
		};
		2A0CC9E21AFAA03300FA46BC /* InstagramClient */ = {
			isa = PBXGroup;
			children = (
				2A0CCA271AFACA3200FA46BC /* View */,
				2A0CCA261AFACA2100FA46BC /* Controller */,
				2A0CCA251AFACA0400FA46BC /* Model */,
				2A0CC9E71AFAA03300FA46BC /* AppDelegate.h */,
				2A0CC9E81AFAA03300FA46BC /* AppDelegate.m */,
				2A0CC9ED1AFAA03300FA46BC /* Main.storyboard */,
				2A0CC9F01AFAA03300FA46BC /* Images.xcassets */,
				2A0CC9F21AFAA03300FA46BC /* LaunchScreen.xib */,
				2A0CCA091AFAA6B000FA46BC /* libs */,
				2A0CC9E31AFAA03300FA46BC /* Supporting Files */,
			);
			path = InstagramClient;
			sourceTree = "<group>";
		};
		2A0CC9E31AFAA03300FA46BC /* Supporting Files */ = {
			isa = PBXGroup;
			children = (
				2AD8BA101B0D5CCE00CE49DA /* heart.png */,
				2AFCB55D1AFBD62C00E45E2B /* placeholder.png */,
				2A0CC9E41AFAA03300FA46BC /* Info.plist */,
				2A0CC9E51AFAA03300FA46BC /* main.m */,
				2A0CCA211AFAC4A400FA46BC /* InstagramClient-Prefix.pch */,
			);
			name = "Supporting Files";
			sourceTree = "<group>";
		};
		2A0CC9FC1AFAA03300FA46BC /* InstagramClientTests */ = {
			isa = PBXGroup;
			children = (
				2A0CC9FF1AFAA03300FA46BC /* InstagramClientTests.m */,
				2A0CC9FD1AFAA03300FA46BC /* Supporting Files */,
			);
			path = InstagramClientTests;
			sourceTree = "<group>";
		};
		2A0CC9FD1AFAA03300FA46BC /* Supporting Files */ = {
			isa = PBXGroup;
			children = (
				2A0CC9FE1AFAA03300FA46BC /* Info.plist */,
			);
			name = "Supporting Files";
			sourceTree = "<group>";
		};
		2A0CCA091AFAA6B000FA46BC /* libs */ = {
			isa = PBXGroup;
			children = (
				2A905B1A1B07D8BB00C3890E /* SvPullToRefresh */,
				2AFCB5641AFC085700E45E2B /* UIKit+AFNetworking */,
				2AFCB5631AFC084700E45E2B /* AFNetworking */,
				2A0CCA0A1AFAA6CA00FA46BC /* PureLayout */,
			);
			name = libs;
			sourceTree = "<group>";
		};
		2A0CCA0A1AFAA6CA00FA46BC /* PureLayout */ = {
			isa = PBXGroup;
			children = (
				2A0CCA0B1AFAA72A00FA46BC /* ALView+PureLayout.h */,
				2A0CCA0C1AFAA72A00FA46BC /* ALView+PureLayout.m */,
				2A0CCA0D1AFAA72A00FA46BC /* NSArray+PureLayout.h */,
				2A0CCA0E1AFAA72A00FA46BC /* NSArray+PureLayout.m */,
				2A0CCA0F1AFAA72A00FA46BC /* NSLayoutConstraint+PureLayout.h */,
				2A0CCA101AFAA72A00FA46BC /* NSLayoutConstraint+PureLayout.m */,
				2A0CCA111AFAA72A00FA46BC /* PureLayout.h */,
				2A0CCA121AFAA72A00FA46BC /* PureLayout+Internal.h */,
				2A0CCA131AFAA72A00FA46BC /* PureLayoutDefines.h */,
			);
			name = PureLayout;
			sourceTree = "<group>";
		};
		2A0CCA251AFACA0400FA46BC /* Model */ = {
			isa = PBXGroup;
			children = (
				2A0CCA221AFAC9EB00FA46BC /* PhotoModel.h */,
				2A0CCA231AFAC9EB00FA46BC /* PhotoModel.m */,
				2A79CBE61B064E24004B7214 /* HelperModel.h */,
				2A79CBE71B064E24004B7214 /* HelperModel.m */,
			);
			name = Model;
			sourceTree = "<group>";
		};
		2A0CCA261AFACA2100FA46BC /* Controller */ = {
			isa = PBXGroup;
			children = (
				2AFCB55A1AFB7EA400E45E2B /* PhotosViewController.h */,
				2AFCB55B1AFB7EA400E45E2B /* PhotosViewController.m */,
				2AD8BA091B0CEB0600CE49DA /* DetailsViewController.h */,
				2AD8BA0A1B0CEB0600CE49DA /* DetailsViewController.m */,
				2A79CBE31B055447004B7214 /* PhotoDetailViewController.h */,
				2A79CBE41B055447004B7214 /* PhotoDetailViewController.m */,
			);
			name = Controller;
			sourceTree = "<group>";
		};
		2A0CCA271AFACA3200FA46BC /* View */ = {
			isa = PBXGroup;
			children = (
				2A0CCA1B1AFABD7F00FA46BC /* PhotoTableViewCell.h */,
				2A0CCA1C1AFABD7F00FA46BC /* PhotoTableViewCell.m */,
				2A8D51BF1B03E221001C7130 /* SearchBar.h */,
				2A8D51C01B03E221001C7130 /* SearchBar.m */,
			);
			name = View;
			sourceTree = "<group>";
		};
		2A905B1A1B07D8BB00C3890E /* SvPullToRefresh */ = {
			isa = PBXGroup;
			children = (
				2A905B1B1B07D8F100C3890E /* SVPullToRefresh.h */,
				2A905B1C1B07D8F100C3890E /* UIScrollView+SVInfiniteScrolling.h */,
				2A905B1D1B07D8F100C3890E /* UIScrollView+SVInfiniteScrolling.m */,
				2A905B1E1B07D8F100C3890E /* UIScrollView+SVPullToRefresh.h */,
				2A905B1F1B07D8F100C3890E /* UIScrollView+SVPullToRefresh.m */,
			);
			name = SvPullToRefresh;
			sourceTree = "<group>";
		};
		2AFCB5631AFC084700E45E2B /* AFNetworking */ = {
			isa = PBXGroup;
			children = (
				2AFCB5651AFC088500E45E2B /* AFHTTPRequestOperation.h */,
				2AFCB5661AFC088500E45E2B /* AFHTTPRequestOperation.m */,
				2AFCB5671AFC088500E45E2B /* AFHTTPRequestOperationManager.h */,
				2AFCB5681AFC088500E45E2B /* AFHTTPRequestOperationManager.m */,
				2AFCB5691AFC088500E45E2B /* AFHTTPSessionManager.h */,
				2AFCB56A1AFC088500E45E2B /* AFHTTPSessionManager.m */,
				2AFCB56B1AFC088500E45E2B /* AFNetworking.h */,
				2AFCB56C1AFC088500E45E2B /* AFNetworkReachabilityManager.h */,
				2AFCB56D1AFC088500E45E2B /* AFNetworkReachabilityManager.m */,
				2AFCB56E1AFC088500E45E2B /* AFSecurityPolicy.h */,
				2AFCB56F1AFC088500E45E2B /* AFSecurityPolicy.m */,
				2AFCB5701AFC088500E45E2B /* AFURLConnectionOperation.h */,
				2AFCB5711AFC088500E45E2B /* AFURLConnectionOperation.m */,
				2AFCB5721AFC088500E45E2B /* AFURLRequestSerialization.h */,
				2AFCB5731AFC088500E45E2B /* AFURLRequestSerialization.m */,
				2AFCB5741AFC088500E45E2B /* AFURLResponseSerialization.h */,
				2AFCB5751AFC088500E45E2B /* AFURLResponseSerialization.m */,
				2AFCB5761AFC088500E45E2B /* AFURLSessionManager.h */,
				2AFCB5771AFC088500E45E2B /* AFURLSessionManager.m */,
			);
			name = AFNetworking;
			sourceTree = "<group>";
		};
		2AFCB5641AFC085700E45E2B /* UIKit+AFNetworking */ = {
			isa = PBXGroup;
			children = (
				2AFCB5811AFC089D00E45E2B /* AFNetworkActivityIndicatorManager.h */,
				2AFCB5821AFC089D00E45E2B /* AFNetworkActivityIndicatorManager.m */,
				2AFCB5831AFC089D00E45E2B /* UIActivityIndicatorView+AFNetworking.h */,
				2AFCB5841AFC089D00E45E2B /* UIActivityIndicatorView+AFNetworking.m */,
				2AFCB5851AFC089D00E45E2B /* UIAlertView+AFNetworking.h */,
				2AFCB5861AFC089D00E45E2B /* UIAlertView+AFNetworking.m */,
				2AFCB5871AFC089D00E45E2B /* UIButton+AFNetworking.h */,
				2AFCB5881AFC089D00E45E2B /* UIButton+AFNetworking.m */,
				2AFCB5891AFC089D00E45E2B /* UIImageView+AFNetworking.h */,
				2AFCB58A1AFC089D00E45E2B /* UIImageView+AFNetworking.m */,
				2AFCB58B1AFC089D00E45E2B /* UIKit+AFNetworking.h */,
				2AFCB58C1AFC089D00E45E2B /* UIProgressView+AFNetworking.h */,
				2AFCB58D1AFC089D00E45E2B /* UIProgressView+AFNetworking.m */,
				2AFCB58E1AFC089D00E45E2B /* UIRefreshControl+AFNetworking.h */,
				2AFCB58F1AFC089D00E45E2B /* UIRefreshControl+AFNetworking.m */,
				2AFCB5901AFC089D00E45E2B /* UIWebView+AFNetworking.h */,
				2AFCB5911AFC089D00E45E2B /* UIWebView+AFNetworking.m */,
			);
			name = "UIKit+AFNetworking";
			sourceTree = "<group>";
		};
/* End PBXGroup section */

/* Begin PBXNativeTarget section */
		2A0CC9DF1AFAA03200FA46BC /* InstagramClient */ = {
			isa = PBXNativeTarget;
			buildConfigurationList = 2A0CCA031AFAA03300FA46BC /* Build configuration list for PBXNativeTarget "InstagramClient" */;
			buildPhases = (
				2A0CC9DC1AFAA03200FA46BC /* Sources */,
				2A0CC9DD1AFAA03200FA46BC /* Frameworks */,
				2A0CC9DE1AFAA03200FA46BC /* Resources */,
			);
			buildRules = (
			);
			dependencies = (
			);
			name = InstagramClient;
			productName = InstagramClient;
			productReference = 2A0CC9E01AFAA03300FA46BC /* InstagramClient.app */;
			productType = "com.apple.product-type.application";
		};
		2A0CC9F81AFAA03300FA46BC /* InstagramClientTests */ = {
			isa = PBXNativeTarget;
			buildConfigurationList = 2A0CCA061AFAA03300FA46BC /* Build configuration list for PBXNativeTarget "InstagramClientTests" */;
			buildPhases = (
				2A0CC9F51AFAA03300FA46BC /* Sources */,
				2A0CC9F61AFAA03300FA46BC /* Frameworks */,
				2A0CC9F71AFAA03300FA46BC /* Resources */,
			);
			buildRules = (
			);
			dependencies = (
				2A0CC9FB1AFAA03300FA46BC /* PBXTargetDependency */,
			);
			name = InstagramClientTests;
			productName = InstagramClientTests;
			productReference = 2A0CC9F91AFAA03300FA46BC /* InstagramClientTests.xctest */;
			productType = "com.apple.product-type.bundle.unit-test";
		};
/* End PBXNativeTarget section */

/* Begin PBXProject section */
		2A0CC9D81AFAA03200FA46BC /* Project object */ = {
			isa = PBXProject;
			attributes = {
				LastUpgradeCheck = 0630;
				ORGANIZATIONNAME = Eray;
				TargetAttributes = {
					2A0CC9DF1AFAA03200FA46BC = {
						CreatedOnToolsVersion = 6.3;
					};
					2A0CC9F81AFAA03300FA46BC = {
						CreatedOnToolsVersion = 6.3;
						TestTargetID = 2A0CC9DF1AFAA03200FA46BC;
					};
				};
			};
			buildConfigurationList = 2A0CC9DB1AFAA03200FA46BC /* Build configuration list for PBXProject "InstagramClient" */;
			compatibilityVersion = "Xcode 3.2";
			developmentRegion = English;
			hasScannedForEncodings = 0;
			knownRegions = (
				en,
				Base,
			);
			mainGroup = 2A0CC9D71AFAA03200FA46BC;
			productRefGroup = 2A0CC9E11AFAA03300FA46BC /* Products */;
			projectDirPath = "";
			projectRoot = "";
			targets = (
				2A0CC9DF1AFAA03200FA46BC /* InstagramClient */,
				2A0CC9F81AFAA03300FA46BC /* InstagramClientTests */,
			);
		};
/* End PBXProject section */

/* Begin PBXResourcesBuildPhase section */
		2A0CC9DE1AFAA03200FA46BC /* Resources */ = {
			isa = PBXResourcesBuildPhase;
			buildActionMask = 2147483647;
			files = (
				2A0CC9EF1AFAA03300FA46BC /* Main.storyboard in Resources */,
				2A0CC9F41AFAA03300FA46BC /* LaunchScreen.xib in Resources */,
				2AD8BA111B0D5CCE00CE49DA /* heart.png in Resources */,
				2AFCB55E1AFBD62C00E45E2B /* placeholder.png in Resources */,
				2A0CC9F11AFAA03300FA46BC /* Images.xcassets in Resources */,
			);
			runOnlyForDeploymentPostprocessing = 0;
		};
		2A0CC9F71AFAA03300FA46BC /* Resources */ = {
			isa = PBXResourcesBuildPhase;
			buildActionMask = 2147483647;
			files = (
			);
			runOnlyForDeploymentPostprocessing = 0;
		};
/* End PBXResourcesBuildPhase section */

/* Begin PBXSourcesBuildPhase section */
		2A0CC9DC1AFAA03200FA46BC /* Sources */ = {
			isa = PBXSourcesBuildPhase;
			buildActionMask = 2147483647;
			files = (
				2AFCB5801AFC088500E45E2B /* AFURLSessionManager.m in Sources */,
				2A905B201B07D8F100C3890E /* UIScrollView+SVInfiniteScrolling.m in Sources */,
				2AFCB57D1AFC088500E45E2B /* AFURLConnectionOperation.m in Sources */,
				2AFCB5981AFC089D00E45E2B /* UIRefreshControl+AFNetworking.m in Sources */,
				2AFCB5951AFC089D00E45E2B /* UIButton+AFNetworking.m in Sources */,
				2AFCB5971AFC089D00E45E2B /* UIProgressView+AFNetworking.m in Sources */,
				2AFCB5781AFC088500E45E2B /* AFHTTPRequestOperation.m in Sources */,
				2A79CBE51B055447004B7214 /* PhotoDetailViewController.m in Sources */,
				2A0CC9E91AFAA03300FA46BC /* AppDelegate.m in Sources */,
				2AFCB5941AFC089D00E45E2B /* UIAlertView+AFNetworking.m in Sources */,
				2A8D51C11B03E221001C7130 /* SearchBar.m in Sources */,
				2AFCB5791AFC088500E45E2B /* AFHTTPRequestOperationManager.m in Sources */,
				2AD8BA0B1B0CEB0600CE49DA /* DetailsViewController.m in Sources */,
				2A0CCA241AFAC9EB00FA46BC /* PhotoModel.m in Sources */,
				2AFCB55C1AFB7EA400E45E2B /* PhotosViewController.m in Sources */,
				2A905B211B07D8F100C3890E /* UIScrollView+SVPullToRefresh.m in Sources */,
				2A79CBE81B064E24004B7214 /* HelperModel.m in Sources */,
				2AFCB5961AFC089D00E45E2B /* UIImageView+AFNetworking.m in Sources */,
				2AFCB57A1AFC088500E45E2B /* AFHTTPSessionManager.m in Sources */,
				2AFCB5931AFC089D00E45E2B /* UIActivityIndicatorView+AFNetworking.m in Sources */,
				2AFCB5921AFC089D00E45E2B /* AFNetworkActivityIndicatorManager.m in Sources */,
				2A0CC9E61AFAA03300FA46BC /* main.m in Sources */,
				2A0CCA141AFAA72A00FA46BC /* ALView+PureLayout.m in Sources */,
				2A0CCA151AFAA72A00FA46BC /* NSArray+PureLayout.m in Sources */,
				2AFCB57C1AFC088500E45E2B /* AFSecurityPolicy.m in Sources */,
				2A0CCA1D1AFABD7F00FA46BC /* PhotoTableViewCell.m in Sources */,
				2AFCB57E1AFC088500E45E2B /* AFURLRequestSerialization.m in Sources */,
				2AFCB57B1AFC088500E45E2B /* AFNetworkReachabilityManager.m in Sources */,
				2AFCB5991AFC089D00E45E2B /* UIWebView+AFNetworking.m in Sources */,
				2AFCB57F1AFC088500E45E2B /* AFURLResponseSerialization.m in Sources */,
				2A0CCA161AFAA72A00FA46BC /* NSLayoutConstraint+PureLayout.m in Sources */,
			);
			runOnlyForDeploymentPostprocessing = 0;
		};
		2A0CC9F51AFAA03300FA46BC /* Sources */ = {
			isa = PBXSourcesBuildPhase;
			buildActionMask = 2147483647;
			files = (
				2A0CCA001AFAA03300FA46BC /* InstagramClientTests.m in Sources */,
			);
			runOnlyForDeploymentPostprocessing = 0;
		};
/* End PBXSourcesBuildPhase section */

/* Begin PBXTargetDependency section */
		2A0CC9FB1AFAA03300FA46BC /* PBXTargetDependency */ = {
			isa = PBXTargetDependency;
			target = 2A0CC9DF1AFAA03200FA46BC /* InstagramClient */;
			targetProxy = 2A0CC9FA1AFAA03300FA46BC /* PBXContainerItemProxy */;
		};
/* End PBXTargetDependency section */

/* Begin PBXVariantGroup section */
		2A0CC9ED1AFAA03300FA46BC /* Main.storyboard */ = {
			isa = PBXVariantGroup;
			children = (
				2A0CC9EE1AFAA03300FA46BC /* Base */,
			);
			name = Main.storyboard;
			sourceTree = "<group>";
		};
		2A0CC9F21AFAA03300FA46BC /* LaunchScreen.xib */ = {
			isa = PBXVariantGroup;
			children = (
				2A0CC9F31AFAA03300FA46BC /* Base */,
			);
			name = LaunchScreen.xib;
			sourceTree = "<group>";
		};
/* End PBXVariantGroup section */

/* Begin XCBuildConfiguration section */
		2A0CCA011AFAA03300FA46BC /* Debug */ = {
			isa = XCBuildConfiguration;
			buildSettings = {
				ALWAYS_SEARCH_USER_PATHS = NO;
				CLANG_CXX_LANGUAGE_STANDARD = "gnu++0x";
				CLANG_CXX_LIBRARY = "libc++";
				CLANG_ENABLE_MODULES = YES;
				CLANG_ENABLE_OBJC_ARC = YES;
				CLANG_WARN_BOOL_CONVERSION = YES;
				CLANG_WARN_CONSTANT_CONVERSION = YES;
				CLANG_WARN_DIRECT_OBJC_ISA_USAGE = YES_ERROR;
				CLANG_WARN_EMPTY_BODY = YES;
				CLANG_WARN_ENUM_CONVERSION = YES;
				CLANG_WARN_INT_CONVERSION = YES;
				CLANG_WARN_OBJC_ROOT_CLASS = YES_ERROR;
				CLANG_WARN_UNREACHABLE_CODE = YES;
				CLANG_WARN__DUPLICATE_METHOD_MATCH = YES;
				"CODE_SIGN_IDENTITY[sdk=iphoneos*]" = "iPhone Developer";
				COPY_PHASE_STRIP = NO;
				DEBUG_INFORMATION_FORMAT = "dwarf-with-dsym";
				ENABLE_STRICT_OBJC_MSGSEND = YES;
				GCC_C_LANGUAGE_STANDARD = gnu99;
				GCC_DYNAMIC_NO_PIC = NO;
				GCC_NO_COMMON_BLOCKS = YES;
				GCC_OPTIMIZATION_LEVEL = 0;
				GCC_PREPROCESSOR_DEFINITIONS = (
					"DEBUG=1",
					"$(inherited)",
				);
				GCC_SYMBOLS_PRIVATE_EXTERN = NO;
				GCC_WARN_64_TO_32_BIT_CONVERSION = YES;
				GCC_WARN_ABOUT_RETURN_TYPE = YES_ERROR;
				GCC_WARN_UNDECLARED_SELECTOR = YES;
				GCC_WARN_UNINITIALIZED_AUTOS = YES_AGGRESSIVE;
				GCC_WARN_UNUSED_FUNCTION = YES;
				GCC_WARN_UNUSED_VARIABLE = YES;
				IPHONEOS_DEPLOYMENT_TARGET = 8.3;
				MTL_ENABLE_DEBUG_INFO = YES;
				ONLY_ACTIVE_ARCH = YES;
				SDKROOT = iphoneos;
			};
			name = Debug;
		};
		2A0CCA021AFAA03300FA46BC /* Release */ = {
			isa = XCBuildConfiguration;
			buildSettings = {
				ALWAYS_SEARCH_USER_PATHS = NO;
				CLANG_CXX_LANGUAGE_STANDARD = "gnu++0x";
				CLANG_CXX_LIBRARY = "libc++";
				CLANG_ENABLE_MODULES = YES;
				CLANG_ENABLE_OBJC_ARC = YES;
				CLANG_WARN_BOOL_CONVERSION = YES;
				CLANG_WARN_CONSTANT_CONVERSION = YES;
				CLANG_WARN_DIRECT_OBJC_ISA_USAGE = YES_ERROR;
				CLANG_WARN_EMPTY_BODY = YES;
				CLANG_WARN_ENUM_CONVERSION = YES;
				CLANG_WARN_INT_CONVERSION = YES;
				CLANG_WARN_OBJC_ROOT_CLASS = YES_ERROR;
				CLANG_WARN_UNREACHABLE_CODE = YES;
				CLANG_WARN__DUPLICATE_METHOD_MATCH = YES;
				"CODE_SIGN_IDENTITY[sdk=iphoneos*]" = "iPhone Developer";
				COPY_PHASE_STRIP = NO;
				DEBUG_INFORMATION_FORMAT = "dwarf-with-dsym";
				ENABLE_NS_ASSERTIONS = NO;
				ENABLE_STRICT_OBJC_MSGSEND = YES;
				GCC_C_LANGUAGE_STANDARD = gnu99;
				GCC_NO_COMMON_BLOCKS = YES;
				GCC_WARN_64_TO_32_BIT_CONVERSION = YES;
				GCC_WARN_ABOUT_RETURN_TYPE = YES_ERROR;
				GCC_WARN_UNDECLARED_SELECTOR = YES;
				GCC_WARN_UNINITIALIZED_AUTOS = YES_AGGRESSIVE;
				GCC_WARN_UNUSED_FUNCTION = YES;
				GCC_WARN_UNUSED_VARIABLE = YES;
				IPHONEOS_DEPLOYMENT_TARGET = 8.3;
				MTL_ENABLE_DEBUG_INFO = NO;
				SDKROOT = iphoneos;
				VALIDATE_PRODUCT = YES;
			};
			name = Release;
		};
		2A0CCA041AFAA03300FA46BC /* Debug */ = {
			isa = XCBuildConfiguration;
			buildSettings = {
				ASSETCATALOG_COMPILER_APPICON_NAME = AppIcon;
				GCC_PREFIX_HEADER = "InstagramClient/InstagramClient-Prefix.pch";
				INFOPLIST_FILE = InstagramClient/Info.plist;
				IPHONEOS_DEPLOYMENT_TARGET = 8.0;
				LD_RUNPATH_SEARCH_PATHS = "$(inherited) @executable_path/Frameworks";
				PRODUCT_NAME = "$(TARGET_NAME)";
			};
			name = Debug;
		};
		2A0CCA051AFAA03300FA46BC /* Release */ = {
			isa = XCBuildConfiguration;
			buildSettings = {
				ASSETCATALOG_COMPILER_APPICON_NAME = AppIcon;
				GCC_PREFIX_HEADER = "InstagramClient/InstagramClient-Prefix.pch";
				INFOPLIST_FILE = InstagramClient/Info.plist;
				IPHONEOS_DEPLOYMENT_TARGET = 8.0;
				LD_RUNPATH_SEARCH_PATHS = "$(inherited) @executable_path/Frameworks";
				PRODUCT_NAME = "$(TARGET_NAME)";
			};
			name = Release;
		};
		2A0CCA071AFAA03300FA46BC /* Debug */ = {
			isa = XCBuildConfiguration;
			buildSettings = {
				BUNDLE_LOADER = "$(TEST_HOST)";
				FRAMEWORK_SEARCH_PATHS = (
					"$(SDKROOT)/Developer/Library/Frameworks",
					"$(inherited)",
				);
				GCC_PREPROCESSOR_DEFINITIONS = (
					"DEBUG=1",
					"$(inherited)",
				);
				INFOPLIST_FILE = InstagramClientTests/Info.plist;
				LD_RUNPATH_SEARCH_PATHS = "$(inherited) @executable_path/Frameworks @loader_path/Frameworks";
				PRODUCT_NAME = "$(TARGET_NAME)";
				TEST_HOST = "$(BUILT_PRODUCTS_DIR)/InstagramClient.app/InstagramClient";
			};
			name = Debug;
		};
		2A0CCA081AFAA03300FA46BC /* Release */ = {
			isa = XCBuildConfiguration;
			buildSettings = {
				BUNDLE_LOADER = "$(TEST_HOST)";
				FRAMEWORK_SEARCH_PATHS = (
					"$(SDKROOT)/Developer/Library/Frameworks",
					"$(inherited)",
				);
				INFOPLIST_FILE = InstagramClientTests/Info.plist;
				LD_RUNPATH_SEARCH_PATHS = "$(inherited) @executable_path/Frameworks @loader_path/Frameworks";
				PRODUCT_NAME = "$(TARGET_NAME)";
				TEST_HOST = "$(BUILT_PRODUCTS_DIR)/InstagramClient.app/InstagramClient";
			};
			name = Release;
		};
/* End XCBuildConfiguration section */

/* Begin XCConfigurationList section */
		2A0CC9DB1AFAA03200FA46BC /* Build configuration list for PBXProject "InstagramClient" */ = {
			isa = XCConfigurationList;
			buildConfigurations = (
				2A0CCA011AFAA03300FA46BC /* Debug */,
				2A0CCA021AFAA03300FA46BC /* Release */,
			);
			defaultConfigurationIsVisible = 0;
			defaultConfigurationName = Release;
		};
		2A0CCA031AFAA03300FA46BC /* Build configuration list for PBXNativeTarget "InstagramClient" */ = {
			isa = XCConfigurationList;
			buildConfigurations = (
				2A0CCA041AFAA03300FA46BC /* Debug */,
				2A0CCA051AFAA03300FA46BC /* Release */,
			);
			defaultConfigurationIsVisible = 0;
			defaultConfigurationName = Release;
		};
		2A0CCA061AFAA03300FA46BC /* Build configuration list for PBXNativeTarget "InstagramClientTests" */ = {
			isa = XCConfigurationList;
			buildConfigurations = (
				2A0CCA071AFAA03300FA46BC /* Debug */,
				2A0CCA081AFAA03300FA46BC /* Release */,
			);
			defaultConfigurationIsVisible = 0;
			defaultConfigurationName = Release;
		};
/* End XCConfigurationList section */
	};
	rootObject = 2A0CC9D81AFAA03200FA46BC /* Project object */;
}
