// !$*UTF8*$!
{
	archiveVersion = 1;
	classes = {
	};
	objectVersion = 46;
	objects = {

/* Begin PBXBuildFile section */
		2A0CC9E61AFAA03300FA46BC /* main.m in Sources */ = {isa = PBXBuildFile; fileRef = 2A0CC9E51AFAA03300FA46BC /* main.m */; };
		2A0CC9E91AFAA03300FA46BC /* AppDelegate.m in Sources */ = {isa = PBXBuildFile; fileRef = 2A0CC9E81AFAA03300FA46BC /* AppDelegate.m */; };
		2A0CC9EF1AFAA03300FA46BC /* Main.storyboard in Resources */ = {isa = PBXBuildFile; fileRef = 2A0CC9ED1AFAA03300FA46BC /* Main.storyboard */; };
		2A0CC9F11AFAA03300FA46BC /* Images.xcassets in Resources */ = {isa = PBXBuildFile; fileRef = 2A0CC9F01AFAA03300FA46BC /* Images.xcassets */; };
		2A0CC9F41AFAA03300FA46BC /* LaunchScreen.xib in Resources */ = {isa = PBXBuildFile; fileRef = 2A0CC9F21AFAA03300FA46BC /* LaunchScreen.xib */; };
		2A0CCA001AFAA03300FA46BC /* InstagramClientTests.m in Sources */ = {isa = PBXBuildFile; fileRef = 2A0CC9FF1AFAA03300FA46BC /* InstagramClientTests.m */; };
		2A0CCA141AFAA72A00FA46BC /* ALView+PureLayout.m in Sources */ = {isa = PBXBuildFile; fileRef = 2A0CCA0C1AFAA72A00FA46BC /* ALView+PureLayout.m */; };
		2A0CCA151AFAA72A00FA46BC /* NSArray+PureLayout.m in Sources */ = {isa = PBXBuildFile; fileRef = 2A0CCA0E1AFAA72A00FA46BC /* NSArray+PureLayout.m */; };
		2A0CCA161AFAA72A00FA46BC /* NSLayoutConstraint+PureLayout.m in Sources */ = {isa = PBXBuildFile; fileRef = 2A0CCA101AFAA72A00FA46BC /* NSLayoutConstraint+PureLayout.m */; };
		2A0CCA1D1AFABD7F00FA46BC /* MyCustomTableViewCell.m in Sources */ = {isa = PBXBuildFile; fileRef = 2A0CCA1C1AFABD7F00FA46BC /* MyCustomTableViewCell.m */; };
		2A0CCA201AFAC09D00FA46BC /* PhotosTableViewController.m in Sources */ = {isa = PBXBuildFile; fileRef = 2A0CCA1F1AFAC09D00FA46BC /* PhotosTableViewController.m */; };
		2A0CCA241AFAC9EB00FA46BC /* PhotoModel.m in Sources */ = {isa = PBXBuildFile; fileRef = 2A0CCA231AFAC9EB00FA46BC /* PhotoModel.m */; };
/* End PBXBuildFile section */

/* Begin PBXContainerItemProxy section */
		2A0CC9FA1AFAA03300FA46BC /* PBXContainerItemProxy */ = {
			isa = PBXContainerItemProxy;
			containerPortal = 2A0CC9D81AFAA03200FA46BC /* Project object */;
			proxyType = 1;
			remoteGlobalIDString = 2A0CC9DF1AFAA03200FA46BC;
			remoteInfo = InstagramClient;
		};
/* End PBXContainerItemProxy section */

/* Begin PBXFileReference section */
		2A0CC9E01AFAA03300FA46BC /* InstagramClient.app */ = {isa = PBXFileReference; explicitFileType = wrapper.application; includeInIndex = 0; path = InstagramClient.app; sourceTree = BUILT_PRODUCTS_DIR; };
		2A0CC9E41AFAA03300FA46BC /* Info.plist */ = {isa = PBXFileReference; lastKnownFileType = text.plist.xml; path = Info.plist; sourceTree = "<group>"; };
		2A0CC9E51AFAA03300FA46BC /* main.m */ = {isa = PBXFileReference; lastKnownFileType = sourcecode.c.objc; path = main.m; sourceTree = "<group>"; };
		2A0CC9E71AFAA03300FA46BC /* AppDelegate.h */ = {isa = PBXFileReference; lastKnownFileType = sourcecode.c.h; path = AppDelegate.h; sourceTree = "<group>"; };
		2A0CC9E81AFAA03300FA46BC /* AppDelegate.m */ = {isa = PBXFileReference; lastKnownFileType = sourcecode.c.objc; path = AppDelegate.m; sourceTree = "<group>"; };
		2A0CC9EE1AFAA03300FA46BC /* Base */ = {isa = PBXFileReference; lastKnownFileType = file.storyboard; name = Base; path = Base.lproj/Main.storyboard; sourceTree = "<group>"; };
		2A0CC9F01AFAA03300FA46BC /* Images.xcassets */ = {isa = PBXFileReference; lastKnownFileType = folder.assetcatalog; path = Images.xcassets; sourceTree = "<group>"; };
		2A0CC9F31AFAA03300FA46BC /* Base */ = {isa = PBXFileReference; lastKnownFileType = file.xib; name = Base; path = Base.lproj/LaunchScreen.xib; sourceTree = "<group>"; };
		2A0CC9F91AFAA03300FA46BC /* InstagramClientTests.xctest */ = {isa = PBXFileReference; explicitFileType = wrapper.cfbundle; includeInIndex = 0; path = InstagramClientTests.xctest; sourceTree = BUILT_PRODUCTS_DIR; };
		2A0CC9FE1AFAA03300FA46BC /* Info.plist */ = {isa = PBXFileReference; lastKnownFileType = text.plist.xml; path = Info.plist; sourceTree = "<group>"; };
		2A0CC9FF1AFAA03300FA46BC /* InstagramClientTests.m */ = {isa = PBXFileReference; lastKnownFileType = sourcecode.c.objc; path = InstagramClientTests.m; sourceTree = "<group>"; };
		2A0CCA0B1AFAA72A00FA46BC /* ALView+PureLayout.h */ = {isa = PBXFileReference; fileEncoding = 4; lastKnownFileType = sourcecode.c.h; path = "ALView+PureLayout.h"; sourceTree = "<group>"; };
		2A0CCA0C1AFAA72A00FA46BC /* ALView+PureLayout.m */ = {isa = PBXFileReference; fileEncoding = 4; lastKnownFileType = sourcecode.c.objc; path = "ALView+PureLayout.m"; sourceTree = "<group>"; };
		2A0CCA0D1AFAA72A00FA46BC /* NSArray+PureLayout.h */ = {isa = PBXFileReference; fileEncoding = 4; lastKnownFileType = sourcecode.c.h; path = "NSArray+PureLayout.h"; sourceTree = "<group>"; };
		2A0CCA0E1AFAA72A00FA46BC /* NSArray+PureLayout.m */ = {isa = PBXFileReference; fileEncoding = 4; lastKnownFileType = sourcecode.c.objc; path = "NSArray+PureLayout.m"; sourceTree = "<group>"; };
		2A0CCA0F1AFAA72A00FA46BC /* NSLayoutConstraint+PureLayout.h */ = {isa = PBXFileReference; fileEncoding = 4; lastKnownFileType = sourcecode.c.h; path = "NSLayoutConstraint+PureLayout.h"; sourceTree = "<group>"; };
		2A0CCA101AFAA72A00FA46BC /* NSLayoutConstraint+PureLayout.m */ = {isa = PBXFileReference; fileEncoding = 4; lastKnownFileType = sourcecode.c.objc; path = "NSLayoutConstraint+PureLayout.m"; sourceTree = "<group>"; };
		2A0CCA111AFAA72A00FA46BC /* PureLayout.h */ = {isa = PBXFileReference; fileEncoding = 4; lastKnownFileType = sourcecode.c.h; path = PureLayout.h; sourceTree = "<group>"; };
		2A0CCA121AFAA72A00FA46BC /* PureLayout+Internal.h */ = {isa = PBXFileReference; fileEncoding = 4; lastKnownFileType = sourcecode.c.h; path = "PureLayout+Internal.h"; sourceTree = "<group>"; };
		2A0CCA131AFAA72A00FA46BC /* PureLayoutDefines.h */ = {isa = PBXFileReference; fileEncoding = 4; lastKnownFileType = sourcecode.c.h; path = PureLayoutDefines.h; sourceTree = "<group>"; };
		2A0CCA1B1AFABD7F00FA46BC /* MyCustomTableViewCell.h */ = {isa = PBXFileReference; fileEncoding = 4; lastKnownFileType = sourcecode.c.h; path = MyCustomTableViewCell.h; sourceTree = "<group>"; };
		2A0CCA1C1AFABD7F00FA46BC /* MyCustomTableViewCell.m */ = {isa = PBXFileReference; fileEncoding = 4; lastKnownFileType = sourcecode.c.objc; path = MyCustomTableViewCell.m; sourceTree = "<group>"; };
		2A0CCA1E1AFAC09D00FA46BC /* PhotosTableViewController.h */ = {isa = PBXFileReference; fileEncoding = 4; lastKnownFileType = sourcecode.c.h; path = PhotosTableViewController.h; sourceTree = "<group>"; };
		2A0CCA1F1AFAC09D00FA46BC /* PhotosTableViewController.m */ = {isa = PBXFileReference; fileEncoding = 4; lastKnownFileType = sourcecode.c.objc; path = PhotosTableViewController.m; sourceTree = "<group>"; };
		2A0CCA211AFAC4A400FA46BC /* InstagramClient-Prefix.pch */ = {isa = PBXFileReference; lastKnownFileType = sourcecode.c.h; path = "InstagramClient-Prefix.pch"; sourceTree = "<group>"; };
		2A0CCA221AFAC9EB00FA46BC /* PhotoModel.h */ = {isa = PBXFileReference; fileEncoding = 4; lastKnownFileType = sourcecode.c.h; path = PhotoModel.h; sourceTree = "<group>"; };
		2A0CCA231AFAC9EB00FA46BC /* PhotoModel.m */ = {isa = PBXFileReference; fileEncoding = 4; lastKnownFileType = sourcecode.c.objc; path = PhotoModel.m; sourceTree = "<group>"; };
/* End PBXFileReference section */

/* Begin PBXFrameworksBuildPhase section */
		2A0CC9DD1AFAA03200FA46BC /* Frameworks */ = {
			isa = PBXFrameworksBuildPhase;
			buildActionMask = 2147483647;
			files = (
			);
			runOnlyForDeploymentPostprocessing = 0;
		};
		2A0CC9F61AFAA03300FA46BC /* Frameworks */ = {
			isa = PBXFrameworksBuildPhase;
			buildActionMask = 2147483647;
			files = (
			);
			runOnlyForDeploymentPostprocessing = 0;
		};
/* End PBXFrameworksBuildPhase section */

/* Begin PBXGroup section */
		2A0CC9D71AFAA03200FA46BC = {
			isa = PBXGroup;
			children = (
				2A0CC9E21AFAA03300FA46BC /* InstagramClient */,
				2A0CC9FC1AFAA03300FA46BC /* InstagramClientTests */,
				2A0CC9E11AFAA03300FA46BC /* Products */,
			);
			sourceTree = "<group>";
		};
		2A0CC9E11AFAA03300FA46BC /* Products */ = {
			isa = PBXGroup;
			children = (
				2A0CC9E01AFAA03300FA46BC /* InstagramClient.app */,
				2A0CC9F91AFAA03300FA46BC /* InstagramClientTests.xctest */,
			);
			name = Products;
			sourceTree = "<group>";
		};
		2A0CC9E21AFAA03300FA46BC /* InstagramClient */ = {
			isa = PBXGroup;
			children = (
				2A0CCA271AFACA3200FA46BC /* View */,
				2A0CCA261AFACA2100FA46BC /* Controller */,
				2A0CCA251AFACA0400FA46BC /* Model */,
				2A0CC9E71AFAA03300FA46BC /* AppDelegate.h */,
				2A0CC9E81AFAA03300FA46BC /* AppDelegate.m */,
				2A0CC9ED1AFAA03300FA46BC /* Main.storyboard */,
				2A0CC9F01AFAA03300FA46BC /* Images.xcassets */,
				2A0CC9F21AFAA03300FA46BC /* LaunchScreen.xib */,
				2A0CCA091AFAA6B000FA46BC /* libs */,
				2A0CC9E31AFAA03300FA46BC /* Supporting Files */,
			);
			path = InstagramClient;
			sourceTree = "<group>";
		};
		2A0CC9E31AFAA03300FA46BC /* Supporting Files */ = {
			isa = PBXGroup;
			children = (
				2A0CC9E41AFAA03300FA46BC /* Info.plist */,
				2A0CC9E51AFAA03300FA46BC /* main.m */,
				2A0CCA211AFAC4A400FA46BC /* InstagramClient-Prefix.pch */,
			);
			name = "Supporting Files";
			sourceTree = "<group>";
		};
		2A0CC9FC1AFAA03300FA46BC /* InstagramClientTests */ = {
			isa = PBXGroup;
			children = (
				2A0CC9FF1AFAA03300FA46BC /* InstagramClientTests.m */,
				2A0CC9FD1AFAA03300FA46BC /* Supporting Files */,
			);
			path = InstagramClientTests;
			sourceTree = "<group>";
		};
		2A0CC9FD1AFAA03300FA46BC /* Supporting Files */ = {
			isa = PBXGroup;
			children = (
				2A0CC9FE1AFAA03300FA46BC /* Info.plist */,
			);
			name = "Supporting Files";
			sourceTree = "<group>";
		};
		2A0CCA091AFAA6B000FA46BC /* libs */ = {
			isa = PBXGroup;
			children = (
				2A0CCA0A1AFAA6CA00FA46BC /* PureLayout */,
			);
			name = libs;
			sourceTree = "<group>";
		};
		2A0CCA0A1AFAA6CA00FA46BC /* PureLayout */ = {
			isa = PBXGroup;
			children = (
				2A0CCA0B1AFAA72A00FA46BC /* ALView+PureLayout.h */,
				2A0CCA0C1AFAA72A00FA46BC /* ALView+PureLayout.m */,
				2A0CCA0D1AFAA72A00FA46BC /* NSArray+PureLayout.h */,
				2A0CCA0E1AFAA72A00FA46BC /* NSArray+PureLayout.m */,
				2A0CCA0F1AFAA72A00FA46BC /* NSLayoutConstraint+PureLayout.h */,
				2A0CCA101AFAA72A00FA46BC /* NSLayoutConstraint+PureLayout.m */,
				2A0CCA111AFAA72A00FA46BC /* PureLayout.h */,
				2A0CCA121AFAA72A00FA46BC /* PureLayout+Internal.h */,
				2A0CCA131AFAA72A00FA46BC /* PureLayoutDefines.h */,
			);
			name = PureLayout;
			sourceTree = "<group>";
		};
		2A0CCA171AFAB4EF00FA46BC /* UITableViewCell */ = {
			isa = PBXGroup;
			children = (
				2A0CCA1B1AFABD7F00FA46BC /* MyCustomTableViewCell.h */,
				2A0CCA1C1AFABD7F00FA46BC /* MyCustomTableViewCell.m */,
			);
			name = UITableViewCell;
			sourceTree = "<group>";
		};
		2A0CCA251AFACA0400FA46BC /* Model */ = {
			isa = PBXGroup;
			children = (
				2A0CCA221AFAC9EB00FA46BC /* PhotoModel.h */,
				2A0CCA231AFAC9EB00FA46BC /* PhotoModel.m */,
			);
			name = Model;
			sourceTree = "<group>";
		};
		2A0CCA261AFACA2100FA46BC /* Controller */ = {
			isa = PBXGroup;
			children = (
				2A0CCA1E1AFAC09D00FA46BC /* PhotosTableViewController.h */,
				2A0CCA1F1AFAC09D00FA46BC /* PhotosTableViewController.m */,
			);
			name = Controller;
			sourceTree = "<group>";
		};
		2A0CCA271AFACA3200FA46BC /* View */ = {
			isa = PBXGroup;
			children = (
				2A0CCA171AFAB4EF00FA46BC /* UITableViewCell */,
			);
			name = View;
			sourceTree = "<group>";
		};
/* End PBXGroup section */

/* Begin PBXNativeTarget section */
		2A0CC9DF1AFAA03200FA46BC /* InstagramClient */ = {
			isa = PBXNativeTarget;
			buildConfigurationList = 2A0CCA031AFAA03300FA46BC /* Build configuration list for PBXNativeTarget "InstagramClient" */;
			buildPhases = (
				2A0CC9DC1AFAA03200FA46BC /* Sources */,
				2A0CC9DD1AFAA03200FA46BC /* Frameworks */,
				2A0CC9DE1AFAA03200FA46BC /* Resources */,
			);
			buildRules = (
			);
			dependencies = (
			);
			name = InstagramClient;
			productName = InstagramClient;
			productReference = 2A0CC9E01AFAA03300FA46BC /* InstagramClient.app */;
			productType = "com.apple.product-type.application";
		};
		2A0CC9F81AFAA03300FA46BC /* InstagramClientTests */ = {
			isa = PBXNativeTarget;
			buildConfigurationList = 2A0CCA061AFAA03300FA46BC /* Build configuration list for PBXNativeTarget "InstagramClientTests" */;
			buildPhases = (
				2A0CC9F51AFAA03300FA46BC /* Sources */,
				2A0CC9F61AFAA03300FA46BC /* Frameworks */,
				2A0CC9F71AFAA03300FA46BC /* Resources */,
			);
			buildRules = (
			);
			dependencies = (
				2A0CC9FB1AFAA03300FA46BC /* PBXTargetDependency */,
			);
			name = InstagramClientTests;
			productName = InstagramClientTests;
			productReference = 2A0CC9F91AFAA03300FA46BC /* InstagramClientTests.xctest */;
			productType = "com.apple.product-type.bundle.unit-test";
		};
/* End PBXNativeTarget section */

/* Begin PBXProject section */
		2A0CC9D81AFAA03200FA46BC /* Project object */ = {
			isa = PBXProject;
			attributes = {
				LastUpgradeCheck = 0630;
				ORGANIZATIONNAME = Eray;
				TargetAttributes = {
					2A0CC9DF1AFAA03200FA46BC = {
						CreatedOnToolsVersion = 6.3;
					};
					2A0CC9F81AFAA03300FA46BC = {
						CreatedOnToolsVersion = 6.3;
						TestTargetID = 2A0CC9DF1AFAA03200FA46BC;
					};
				};
			};
			buildConfigurationList = 2A0CC9DB1AFAA03200FA46BC /* Build configuration list for PBXProject "InstagramClient" */;
			compatibilityVersion = "Xcode 3.2";
			developmentRegion = English;
			hasScannedForEncodings = 0;
			knownRegions = (
				en,
				Base,
			);
			mainGroup = 2A0CC9D71AFAA03200FA46BC;
			productRefGroup = 2A0CC9E11AFAA03300FA46BC /* Products */;
			projectDirPath = "";
			projectRoot = "";
			targets = (
				2A0CC9DF1AFAA03200FA46BC /* InstagramClient */,
				2A0CC9F81AFAA03300FA46BC /* InstagramClientTests */,
			);
		};
/* End PBXProject section */

/* Begin PBXResourcesBuildPhase section */
		2A0CC9DE1AFAA03200FA46BC /* Resources */ = {
			isa = PBXResourcesBuildPhase;
			buildActionMask = 2147483647;
			files = (
				2A0CC9EF1AFAA03300FA46BC /* Main.storyboard in Resources */,
				2A0CC9F41AFAA03300FA46BC /* LaunchScreen.xib in Resources */,
				2A0CC9F11AFAA03300FA46BC /* Images.xcassets in Resources */,
			);
			runOnlyForDeploymentPostprocessing = 0;
		};
		2A0CC9F71AFAA03300FA46BC /* Resources */ = {
			isa = PBXResourcesBuildPhase;
			buildActionMask = 2147483647;
			files = (
			);
			runOnlyForDeploymentPostprocessing = 0;
		};
/* End PBXResourcesBuildPhase section */

/* Begin PBXSourcesBuildPhase section */
		2A0CC9DC1AFAA03200FA46BC /* Sources */ = {
			isa = PBXSourcesBuildPhase;
			buildActionMask = 2147483647;
			files = (
				2A0CCA201AFAC09D00FA46BC /* PhotosTableViewController.m in Sources */,
				2A0CC9E91AFAA03300FA46BC /* AppDelegate.m in Sources */,
				2A0CCA241AFAC9EB00FA46BC /* PhotoModel.m in Sources */,
				2A0CC9E61AFAA03300FA46BC /* main.m in Sources */,
				2A0CCA141AFAA72A00FA46BC /* ALView+PureLayout.m in Sources */,
				2A0CCA151AFAA72A00FA46BC /* NSArray+PureLayout.m in Sources */,
				2A0CCA1D1AFABD7F00FA46BC /* MyCustomTableViewCell.m in Sources */,
				2A0CCA161AFAA72A00FA46BC /* NSLayoutConstraint+PureLayout.m in Sources */,
			);
			runOnlyForDeploymentPostprocessing = 0;
		};
		2A0CC9F51AFAA03300FA46BC /* Sources */ = {
			isa = PBXSourcesBuildPhase;
			buildActionMask = 2147483647;
			files = (
				2A0CCA001AFAA03300FA46BC /* InstagramClientTests.m in Sources */,
			);
			runOnlyForDeploymentPostprocessing = 0;
		};
/* End PBXSourcesBuildPhase section */

/* Begin PBXTargetDependency section */
		2A0CC9FB1AFAA03300FA46BC /* PBXTargetDependency */ = {
			isa = PBXTargetDependency;
			target = 2A0CC9DF1AFAA03200FA46BC /* InstagramClient */;
			targetProxy = 2A0CC9FA1AFAA03300FA46BC /* PBXContainerItemProxy */;
		};
/* End PBXTargetDependency section */

/* Begin PBXVariantGroup section */
		2A0CC9ED1AFAA03300FA46BC /* Main.storyboard */ = {
			isa = PBXVariantGroup;
			children = (
				2A0CC9EE1AFAA03300FA46BC /* Base */,
			);
			name = Main.storyboard;
			sourceTree = "<group>";
		};
		2A0CC9F21AFAA03300FA46BC /* LaunchScreen.xib */ = {
			isa = PBXVariantGroup;
			children = (
				2A0CC9F31AFAA03300FA46BC /* Base */,
			);
			name = LaunchScreen.xib;
			sourceTree = "<group>";
		};
/* End PBXVariantGroup section */

/* Begin XCBuildConfiguration section */
		2A0CCA011AFAA03300FA46BC /* Debug */ = {
			isa = XCBuildConfiguration;
			buildSettings = {
				ALWAYS_SEARCH_USER_PATHS = NO;
				CLANG_CXX_LANGUAGE_STANDARD = "gnu++0x";
				CLANG_CXX_LIBRARY = "libc++";
				CLANG_ENABLE_MODULES = YES;
				CLANG_ENABLE_OBJC_ARC = YES;
				CLANG_WARN_BOOL_CONVERSION = YES;
				CLANG_WARN_CONSTANT_CONVERSION = YES;
				CLANG_WARN_DIRECT_OBJC_ISA_USAGE = YES_ERROR;
				CLANG_WARN_EMPTY_BODY = YES;
				CLANG_WARN_ENUM_CONVERSION = YES;
				CLANG_WARN_INT_CONVERSION = YES;
				CLANG_WARN_OBJC_ROOT_CLASS = YES_ERROR;
				CLANG_WARN_UNREACHABLE_CODE = YES;
				CLANG_WARN__DUPLICATE_METHOD_MATCH = YES;
				"CODE_SIGN_IDENTITY[sdk=iphoneos*]" = "iPhone Developer";
				COPY_PHASE_STRIP = NO;
				DEBUG_INFORMATION_FORMAT = "dwarf-with-dsym";
				ENABLE_STRICT_OBJC_MSGSEND = YES;
				GCC_C_LANGUAGE_STANDARD = gnu99;
				GCC_DYNAMIC_NO_PIC = NO;
				GCC_NO_COMMON_BLOCKS = YES;
				GCC_OPTIMIZATION_LEVEL = 0;
				GCC_PREPROCESSOR_DEFINITIONS = (
					"DEBUG=1",
					"$(inherited)",
				);
				GCC_SYMBOLS_PRIVATE_EXTERN = NO;
				GCC_WARN_64_TO_32_BIT_CONVERSION = YES;
				GCC_WARN_ABOUT_RETURN_TYPE = YES_ERROR;
				GCC_WARN_UNDECLARED_SELECTOR = YES;
				GCC_WARN_UNINITIALIZED_AUTOS = YES_AGGRESSIVE;
				GCC_WARN_UNUSED_FUNCTION = YES;
				GCC_WARN_UNUSED_VARIABLE = YES;
				IPHONEOS_DEPLOYMENT_TARGET = 8.3;
				MTL_ENABLE_DEBUG_INFO = YES;
				ONLY_ACTIVE_ARCH = YES;
				SDKROOT = iphoneos;
			};
			name = Debug;
		};
		2A0CCA021AFAA03300FA46BC /* Release */ = {
			isa = XCBuildConfiguration;
			buildSettings = {
				ALWAYS_SEARCH_USER_PATHS = NO;
				CLANG_CXX_LANGUAGE_STANDARD = "gnu++0x";
				CLANG_CXX_LIBRARY = "libc++";
				CLANG_ENABLE_MODULES = YES;
				CLANG_ENABLE_OBJC_ARC = YES;
				CLANG_WARN_BOOL_CONVERSION = YES;
				CLANG_WARN_CONSTANT_CONVERSION = YES;
				CLANG_WARN_DIRECT_OBJC_ISA_USAGE = YES_ERROR;
				CLANG_WARN_EMPTY_BODY = YES;
				CLANG_WARN_ENUM_CONVERSION = YES;
				CLANG_WARN_INT_CONVERSION = YES;
				CLANG_WARN_OBJC_ROOT_CLASS = YES_ERROR;
				CLANG_WARN_UNREACHABLE_CODE = YES;
				CLANG_WARN__DUPLICATE_METHOD_MATCH = YES;
				"CODE_SIGN_IDENTITY[sdk=iphoneos*]" = "iPhone Developer";
				COPY_PHASE_STRIP = NO;
				DEBUG_INFORMATION_FORMAT = "dwarf-with-dsym";
				ENABLE_NS_ASSERTIONS = NO;
				ENABLE_STRICT_OBJC_MSGSEND = YES;
				GCC_C_LANGUAGE_STANDARD = gnu99;
				GCC_NO_COMMON_BLOCKS = YES;
				GCC_WARN_64_TO_32_BIT_CONVERSION = YES;
				GCC_WARN_ABOUT_RETURN_TYPE = YES_ERROR;
				GCC_WARN_UNDECLARED_SELECTOR = YES;
				GCC_WARN_UNINITIALIZED_AUTOS = YES_AGGRESSIVE;
				GCC_WARN_UNUSED_FUNCTION = YES;
				GCC_WARN_UNUSED_VARIABLE = YES;
				IPHONEOS_DEPLOYMENT_TARGET = 8.3;
				MTL_ENABLE_DEBUG_INFO = NO;
				SDKROOT = iphoneos;
				VALIDATE_PRODUCT = YES;
			};
			name = Release;
		};
		2A0CCA041AFAA03300FA46BC /* Debug */ = {
			isa = XCBuildConfiguration;
			buildSettings = {
				ASSETCATALOG_COMPILER_APPICON_NAME = AppIcon;
				GCC_PREFIX_HEADER = "InstagramClient/InstagramClient-Prefix.pch";
				INFOPLIST_FILE = InstagramClient/Info.plist;
				IPHONEOS_DEPLOYMENT_TARGET = 8.0;
				LD_RUNPATH_SEARCH_PATHS = "$(inherited) @executable_path/Frameworks";
				PRODUCT_NAME = "$(TARGET_NAME)";
			};
			name = Debug;
		};
		2A0CCA051AFAA03300FA46BC /* Release */ = {
			isa = XCBuildConfiguration;
			buildSettings = {
				ASSETCATALOG_COMPILER_APPICON_NAME = AppIcon;
				GCC_PREFIX_HEADER = "InstagramClient/InstagramClient-Prefix.pch";
				INFOPLIST_FILE = InstagramClient/Info.plist;
				IPHONEOS_DEPLOYMENT_TARGET = 8.0;
				LD_RUNPATH_SEARCH_PATHS = "$(inherited) @executable_path/Frameworks";
				PRODUCT_NAME = "$(TARGET_NAME)";
			};
			name = Release;
		};
		2A0CCA071AFAA03300FA46BC /* Debug */ = {
			isa = XCBuildConfiguration;
			buildSettings = {
				BUNDLE_LOADER = "$(TEST_HOST)";
				FRAMEWORK_SEARCH_PATHS = (
					"$(SDKROOT)/Developer/Library/Frameworks",
					"$(inherited)",
				);
				GCC_PREPROCESSOR_DEFINITIONS = (
					"DEBUG=1",
					"$(inherited)",
				);
				INFOPLIST_FILE = InstagramClientTests/Info.plist;
				LD_RUNPATH_SEARCH_PATHS = "$(inherited) @executable_path/Frameworks @loader_path/Frameworks";
				PRODUCT_NAME = "$(TARGET_NAME)";
				TEST_HOST = "$(BUILT_PRODUCTS_DIR)/InstagramClient.app/InstagramClient";
			};
			name = Debug;
		};
		2A0CCA081AFAA03300FA46BC /* Release */ = {
			isa = XCBuildConfiguration;
			buildSettings = {
				BUNDLE_LOADER = "$(TEST_HOST)";
				FRAMEWORK_SEARCH_PATHS = (
					"$(SDKROOT)/Developer/Library/Frameworks",
					"$(inherited)",
				);
				INFOPLIST_FILE = InstagramClientTests/Info.plist;
				LD_RUNPATH_SEARCH_PATHS = "$(inherited) @executable_path/Frameworks @loader_path/Frameworks";
				PRODUCT_NAME = "$(TARGET_NAME)";
				TEST_HOST = "$(BUILT_PRODUCTS_DIR)/InstagramClient.app/InstagramClient";
			};
			name = Release;
		};
/* End XCBuildConfiguration section */

/* Begin XCConfigurationList section */
		2A0CC9DB1AFAA03200FA46BC /* Build configuration list for PBXProject "InstagramClient" */ = {
			isa = XCConfigurationList;
			buildConfigurations = (
				2A0CCA011AFAA03300FA46BC /* Debug */,
				2A0CCA021AFAA03300FA46BC /* Release */,
			);
			defaultConfigurationIsVisible = 0;
			defaultConfigurationName = Release;
		};
		2A0CCA031AFAA03300FA46BC /* Build configuration list for PBXNativeTarget "InstagramClient" */ = {
			isa = XCConfigurationList;
			buildConfigurations = (
				2A0CCA041AFAA03300FA46BC /* Debug */,
				2A0CCA051AFAA03300FA46BC /* Release */,
			);
			defaultConfigurationIsVisible = 0;
		};
		2A0CCA061AFAA03300FA46BC /* Build configuration list for PBXNativeTarget "InstagramClientTests" */ = {
			isa = XCConfigurationList;
			buildConfigurations = (
				2A0CCA071AFAA03300FA46BC /* Debug */,
				2A0CCA081AFAA03300FA46BC /* Release */,
			);
			defaultConfigurationIsVisible = 0;
		};
/* End XCConfigurationList section */
	};
	rootObject = 2A0CC9D81AFAA03200FA46BC /* Project object */;
}
